{
    "_readme": [
        "This file locks the dependencies of your project to a known state",
        "Read more about it at https://getcomposer.org/doc/01-basic-usage.md#composer-lock-the-lock-file",
        "This file is @generated automatically"
    ],
    "hash": "4203846f834daae1c97e620f31b0b4c5",
    "packages": [
        {
            "name": "gettext/gettext",
            "version": "v3.4.2",
            "source": {
                "type": "git",
                "url": "https://github.com/oscarotero/Gettext.git",
                "reference": "6d8fae62ce7df8676a351dfa5728c8f87f20ef53"
            },
            "dist": {
                "type": "zip",
                "url": "https://api.github.com/repos/oscarotero/Gettext/zipball/6d8fae62ce7df8676a351dfa5728c8f87f20ef53",
                "reference": "6d8fae62ce7df8676a351dfa5728c8f87f20ef53",
                "shasum": ""
            },
            "require": {
                "gettext/languages": "2.*",
                "php": ">=5.3.0"
            },
            "require-dev": {
                "illuminate/view": "*",
                "phpunit/phpunit": "~4.0",
                "twig/extensions": "*",
                "twig/twig": "*"
            },
            "suggest": {
                "illuminate/view": "Is necessary if you want to use the Blade extractor",
                "twig/extensions": "Is necessary if you want to use the Twig extractor",
                "twig/twig": "Is necessary if you want to use the Twig extractor"
            },
            "type": "library",
            "autoload": {
                "psr-4": {
                    "Gettext\\": "src"
                }
            },
            "notification-url": "https://packagist.org/downloads/",
            "license": [
                "MIT"
            ],
            "authors": [
                {
                    "name": "Oscar Otero",
                    "email": "oom@oscarotero.com",
                    "homepage": "http://oscarotero.com",
                    "role": "Developer"
                }
            ],
            "description": "PHP gettext manager",
            "homepage": "https://github.com/oscarotero/Gettext",
            "keywords": [
                "JS",
                "gettext",
                "i18n",
                "mo",
                "po",
                "translation"
            ],
            "time": "2015-04-28 17:50:01"
        },
        {
            "name": "gettext/languages",
            "version": "2.1.2",
            "source": {
                "type": "git",
                "url": "https://github.com/mlocati/cldr-to-gettext-plural-rules.git",
                "reference": "c43ade7e3fb68bcf2379036513dce8d20553d9c8"
            },
            "dist": {
                "type": "zip",
                "url": "https://api.github.com/repos/mlocati/cldr-to-gettext-plural-rules/zipball/c43ade7e3fb68bcf2379036513dce8d20553d9c8",
                "reference": "c43ade7e3fb68bcf2379036513dce8d20553d9c8",
                "shasum": ""
            },
            "require": {
                "php": ">=5.3"
            },
            "type": "library",
            "autoload": {
                "psr-4": {
                    "Gettext\\Languages\\": "src/"
                }
            },
            "notification-url": "https://packagist.org/downloads/",
            "license": [
                "MIT"
            ],
            "authors": [
                {
                    "name": "Michele Locati",
                    "email": "mlocati@gmail.com",
                    "role": "Developer"
                }
            ],
            "description": "gettext languages with plural rules",
            "homepage": "https://github.com/mlocati/cldr-to-gettext-plural-rules",
            "keywords": [
                "cldr",
                "i18n",
                "internationalization",
                "l10n",
                "language",
                "languages",
                "localization",
                "php",
                "plural",
                "plural rules",
                "plurals",
                "translate",
                "translations",
                "unicode"
            ],
            "time": "2015-03-27 11:32:41"
        },
        {
            "name": "mlocati/concrete5-translation-library",
            "version": "1.4.2",
            "source": {
                "type": "git",
                "url": "https://github.com/mlocati/concrete5-translation-library.git",
                "reference": "93997c7e229119a8c98ba7e02712b02eae82a560"
            },
            "dist": {
                "type": "zip",
                "url": "https://api.github.com/repos/mlocati/concrete5-translation-library/zipball/93997c7e229119a8c98ba7e02712b02eae82a560",
                "reference": "93997c7e229119a8c98ba7e02712b02eae82a560",
                "shasum": ""
            },
            "require": {
                "gettext/gettext": "3.4.*",
                "php": ">=5.3.0"
            },
            "type": "library",
            "autoload": {
                "psr-4": {
                    "C5TL\\": "src/"
                }
            },
            "notification-url": "https://packagist.org/downloads/",
            "license": [
                "MIT"
            ],
            "authors": [
                {
                    "name": "Michele Locati",
                    "email": "mlocati@gmail.com",
                    "homepage": "https://github.com/mlocati",
                    "role": "developer"
                }
            ],
            "description": "Library to handle concrete5 core and package translations",
            "homepage": "https://github.com/mlocati/concrete5-translation-library",
            "keywords": [
                "concrete5",
                "i18n",
                "internationalization",
                "l10n",
                "localization",
                "packages",
                "translate",
                "translation"
            ],
            "time": "2015-05-21 07:27:56"
        }
    ],
    "packages-dev": [],
    "aliases": [],
    "minimum-stability": "stable",
    "stability-flags": [],
    "prefer-stable": false,
    "prefer-lowest": false,
    "platform": {
        "php": ">=5.3"
    },
    "platform-dev": []
}
