{
    "_readme": [
        "This file locks the dependencies of your project to a known state",
        "Read more about it at http://getcomposer.org/doc/01-basic-usage.md#composer-lock-the-lock-file",
        "This file is @generated automatically"
    ],
    "hash": "0a6c8e734b5fa7a06a523307070182ef",
    "packages": [
        {
            "name": "gettext/gettext",
            "version": "v3.1",
            "source": {
                "type": "git",
                "url": "https://github.com/oscarotero/Gettext.git",
                "reference": "e6598d172881dd8eb6232d6321784a01fd6a47d7"
            },
            "dist": {
                "type": "zip",
                "url": "https://api.github.com/repos/oscarotero/Gettext/zipball/e6598d172881dd8eb6232d6321784a01fd6a47d7",
                "reference": "e6598d172881dd8eb6232d6321784a01fd6a47d7",
                "shasum": ""
            },
            "require": {
                "php": ">=5.3.0"
            },
            "suggest": {
                "illuminate/view": "Is necessary if you want use the Blade extractor"
            },
            "type": "library",
            "autoload": {
                "psr-4": {
                    "Gettext\\": "src"
                }
            },
            "notification-url": "https://packagist.org/downloads/",
            "license": [
                "MIT"
            ],
            "authors": [
                {
                    "name": "Oscar Otero",
                    "email": "oom@oscarotero.com",
                    "homepage": "http://oscarotero.com",
                    "role": "Developer"
                }
            ],
            "description": "PHP gettext mananger",
            "homepage": "https://github.com/oscarotero/Gettext",
            "keywords": [
                "JS",
                "gettext",
                "i18n",
                "mo",
                "po",
                "translation"
            ],
            "time": "2015-01-28 15:27:55"
        },
        {
            "name": "mlocati/concrete5-translation-library",
            "version": "1.0.5",
            "source": {
                "type": "git",
                "url": "https://github.com/mlocati/concrete5-translation-library.git",
                "reference": "f9e122aee56fb1428b9a8279036fdc6b2cdc2cea"
            },
            "dist": {
                "type": "zip",
                "url": "https://api.github.com/repos/mlocati/concrete5-translation-library/zipball/f9e122aee56fb1428b9a8279036fdc6b2cdc2cea",
                "reference": "f9e122aee56fb1428b9a8279036fdc6b2cdc2cea",
                "shasum": ""
            },
            "require": {
                "gettext/gettext": "3.1.*",
                "php": ">=5.3.0"
            },
            "type": "library",
            "autoload": {
                "psr-4": {
                    "C5TL\\": "src/"
                }
            },
            "notification-url": "https://packagist.org/downloads/",
            "license": [
                "MIT"
            ],
            "authors": [
                {
                    "name": "Michele Locati",
                    "email": "mlocati@gmail.com",
                    "homepage": "https://github.com/mlocati",
                    "role": "developer"
                }
            ],
            "description": "Library to handle concrete5 core and package translations",
            "homepage": "https://github.com/mlocati/concrete5-translation-library",
            "keywords": [
                "concrete5",
                "i18n",
                "internationalization",
                "l10n",
                "localization",
                "packages",
                "translate",
                "translation"
            ],
            "time": "2015-01-30 07:57:32"
        }
    ],
    "packages-dev": [],
    "aliases": [],
    "minimum-stability": "stable",
    "stability-flags": [],
    "prefer-stable": false,
    "prefer-lowest": false,
    "platform": {
        "php": ">=5.3"
    },
    "platform-dev": []
}
